// !$*UTF8*$!
{
	archiveVersion = 1;
	classes = {
	};
	objectVersion = 55;
	objects = {

/* Begin PBXBuildFile section */
		8589E30028178DA4007AAA8A /* AppDelegate.swift in Sources */ = {isa = PBXBuildFile; fileRef = 8589E2FF28178DA4007AAA8A /* AppDelegate.swift */; };
		8589E30228178DA4007AAA8A /* SceneDelegate.swift in Sources */ = {isa = PBXBuildFile; fileRef = 8589E30128178DA4007AAA8A /* SceneDelegate.swift */; };
		8589E30428178DA4007AAA8A /* ViewController.swift in Sources */ = {isa = PBXBuildFile; fileRef = 8589E30328178DA4007AAA8A /* ViewController.swift */; };
		8589E30728178DA4007AAA8A /* Main.storyboard in Resources */ = {isa = PBXBuildFile; fileRef = 8589E30528178DA4007AAA8A /* Main.storyboard */; };
		8589E30928178DA6007AAA8A /* Assets.xcassets in Resources */ = {isa = PBXBuildFile; fileRef = 8589E30828178DA6007AAA8A /* Assets.xcassets */; };
		8589E30C28178DA6007AAA8A /* LaunchScreen.storyboard in Resources */ = {isa = PBXBuildFile; fileRef = 8589E30A28178DA6007AAA8A /* LaunchScreen.storyboard */; };
		8589E31428179FD0007AAA8A /* TimerViewController.swift in Sources */ = {isa = PBXBuildFile; fileRef = 8589E31328179FD0007AAA8A /* TimerViewController.swift */; };
		8589E31628179FF4007AAA8A /* StopQuestionsViewController.swift in Sources */ = {isa = PBXBuildFile; fileRef = 8589E31528179FF4007AAA8A /* StopQuestionsViewController.swift */; };
		8589E338281AEA4D007AAA8A /* TimerFormViewController.swift in Sources */ = {isa = PBXBuildFile; fileRef = 8589E337281AEA4D007AAA8A /* TimerFormViewController.swift */; };
		8589E33A281B82EB007AAA8A /* Alarm Clock.mp3 in Resources */ = {isa = PBXBuildFile; fileRef = 8589E339281B82EB007AAA8A /* Alarm Clock.mp3 */; };
/* End PBXBuildFile section */

/* Begin PBXFileReference section */
		8589E2FC28178DA4007AAA8A /* NC1_Jesivinica.app */ = {isa = PBXFileReference; explicitFileType = wrapper.application; includeInIndex = 0; path = NC1_Jesivinica.app; sourceTree = BUILT_PRODUCTS_DIR; };
		8589E2FF28178DA4007AAA8A /* AppDelegate.swift */ = {isa = PBXFileReference; lastKnownFileType = sourcecode.swift; path = AppDelegate.swift; sourceTree = "<group>"; };
		8589E30128178DA4007AAA8A /* SceneDelegate.swift */ = {isa = PBXFileReference; lastKnownFileType = sourcecode.swift; path = SceneDelegate.swift; sourceTree = "<group>"; };
		8589E30328178DA4007AAA8A /* ViewController.swift */ = {isa = PBXFileReference; lastKnownFileType = sourcecode.swift; path = ViewController.swift; sourceTree = "<group>"; };
		8589E30628178DA4007AAA8A /* Base */ = {isa = PBXFileReference; lastKnownFileType = file.storyboard; name = Base; path = Base.lproj/Main.storyboard; sourceTree = "<group>"; };
		8589E30828178DA6007AAA8A /* Assets.xcassets */ = {isa = PBXFileReference; lastKnownFileType = folder.assetcatalog; path = Assets.xcassets; sourceTree = "<group>"; };
		8589E30B28178DA6007AAA8A /* Base */ = {isa = PBXFileReference; lastKnownFileType = file.storyboard; name = Base; path = Base.lproj/LaunchScreen.storyboard; sourceTree = "<group>"; };
		8589E30D28178DA6007AAA8A /* Info.plist */ = {isa = PBXFileReference; lastKnownFileType = text.plist.xml; path = Info.plist; sourceTree = "<group>"; };
		8589E31328179FD0007AAA8A /* TimerViewController.swift */ = {isa = PBXFileReference; lastKnownFileType = sourcecode.swift; path = TimerViewController.swift; sourceTree = "<group>"; };
		8589E31528179FF4007AAA8A /* StopQuestionsViewController.swift */ = {isa = PBXFileReference; lastKnownFileType = sourcecode.swift; path = StopQuestionsViewController.swift; sourceTree = "<group>"; };
		8589E337281AEA4D007AAA8A /* TimerFormViewController.swift */ = {isa = PBXFileReference; lastKnownFileType = sourcecode.swift; path = TimerFormViewController.swift; sourceTree = "<group>"; };
		8589E339281B82EB007AAA8A /* Alarm Clock.mp3 */ = {isa = PBXFileReference; lastKnownFileType = audio.mp3; name = "Alarm Clock.mp3"; path = "../../../Downloads/Alarm Clock.mp3"; sourceTree = "<group>"; };
/* End PBXFileReference section */

/* Begin PBXFrameworksBuildPhase section */
		8589E2F928178DA4007AAA8A /* Frameworks */ = {
			isa = PBXFrameworksBuildPhase;
			buildActionMask = 2147483647;
			files = (
			);
			runOnlyForDeploymentPostprocessing = 0;
		};
/* End PBXFrameworksBuildPhase section */

/* Begin PBXGroup section */
		8589E2F328178DA4007AAA8A = {
			isa = PBXGroup;
			children = (
				8589E2FE28178DA4007AAA8A /* NC1_Jesivinica */,
				8589E2FD28178DA4007AAA8A /* Products */,
			);
			sourceTree = "<group>";
		};
		8589E2FD28178DA4007AAA8A /* Products */ = {
			isa = PBXGroup;
			children = (
				8589E2FC28178DA4007AAA8A /* NC1_Jesivinica.app */,
			);
			name = Products;
			sourceTree = "<group>";
		};
		8589E2FE28178DA4007AAA8A /* NC1_Jesivinica */ = {
			isa = PBXGroup;
			children = (
				8589E2FF28178DA4007AAA8A /* AppDelegate.swift */,
				8589E30128178DA4007AAA8A /* SceneDelegate.swift */,
				8589E30328178DA4007AAA8A /* ViewController.swift */,
				8589E31328179FD0007AAA8A /* TimerViewController.swift */,
				8589E31528179FF4007AAA8A /* StopQuestionsViewController.swift */,
				8589E337281AEA4D007AAA8A /* TimerFormViewController.swift */,
				8589E30528178DA4007AAA8A /* Main.storyboard */,
				8589E30828178DA6007AAA8A /* Assets.xcassets */,
				8589E30A28178DA6007AAA8A /* LaunchScreen.storyboard */,
				8589E339281B82EB007AAA8A /* Alarm Clock.mp3 */,
				8589E30D28178DA6007AAA8A /* Info.plist */,
			);
			path = NC1_Jesivinica;
			sourceTree = "<group>";
		};
/* End PBXGroup section */

/* Begin PBXNativeTarget section */
		8589E2FB28178DA4007AAA8A /* NC1_Jesivinica */ = {
			isa = PBXNativeTarget;
			buildConfigurationList = 8589E31028178DA6007AAA8A /* Build configuration list for PBXNativeTarget "NC1_Jesivinica" */;
			buildPhases = (
				8589E2F828178DA4007AAA8A /* Sources */,
				8589E2F928178DA4007AAA8A /* Frameworks */,
				8589E2FA28178DA4007AAA8A /* Resources */,
			);
			buildRules = (
			);
			dependencies = (
			);
			name = NC1_Jesivinica;
			productName = NC1_Jesivinica;
			productReference = 8589E2FC28178DA4007AAA8A /* NC1_Jesivinica.app */;
			productType = "com.apple.product-type.application";
		};
/* End PBXNativeTarget section */

/* Begin PBXProject section */
		8589E2F428178DA4007AAA8A /* Project object */ = {
			isa = PBXProject;
			attributes = {
				BuildIndependentTargetsInParallel = 1;
				LastSwiftUpdateCheck = 1330;
				LastUpgradeCheck = 1330;
				TargetAttributes = {
					8589E2FB28178DA4007AAA8A = {
						CreatedOnToolsVersion = 13.3;
					};
				};
			};
			buildConfigurationList = 8589E2F728178DA4007AAA8A /* Build configuration list for PBXProject "NC1_Jesivinica" */;
			compatibilityVersion = "Xcode 13.0";
			developmentRegion = en;
			hasScannedForEncodings = 0;
			knownRegions = (
				en,
				Base,
			);
			mainGroup = 8589E2F328178DA4007AAA8A;
			productRefGroup = 8589E2FD28178DA4007AAA8A /* Products */;
			projectDirPath = "";
			projectRoot = "";
			targets = (
				8589E2FB28178DA4007AAA8A /* NC1_Jesivinica */,
			);
		};
/* End PBXProject section */

/* Begin PBXResourcesBuildPhase section */
		8589E2FA28178DA4007AAA8A /* Resources */ = {
			isa = PBXResourcesBuildPhase;
			buildActionMask = 2147483647;
			files = (
				8589E30C28178DA6007AAA8A /* LaunchScreen.storyboard in Resources */,
				8589E30928178DA6007AAA8A /* Assets.xcassets in Resources */,
				8589E33A281B82EB007AAA8A /* Alarm Clock.mp3 in Resources */,
				8589E30728178DA4007AAA8A /* Main.storyboard in Resources */,
			);
			runOnlyForDeploymentPostprocessing = 0;
		};
/* End PBXResourcesBuildPhase section */

/* Begin PBXSourcesBuildPhase section */
		8589E2F828178DA4007AAA8A /* Sources */ = {
			isa = PBXSourcesBuildPhase;
			buildActionMask = 2147483647;
			files = (
				8589E31428179FD0007AAA8A /* TimerViewController.swift in Sources */,
				8589E30428178DA4007AAA8A /* ViewController.swift in Sources */,
				8589E30028178DA4007AAA8A /* AppDelegate.swift in Sources */,
				8589E30228178DA4007AAA8A /* SceneDelegate.swift in Sources */,
				8589E338281AEA4D007AAA8A /* TimerFormViewController.swift in Sources */,
				8589E31628179FF4007AAA8A /* StopQuestionsViewController.swift in Sources */,
			);
			runOnlyForDeploymentPostprocessing = 0;
		};
/* End PBXSourcesBuildPhase section */

/* Begin PBXVariantGroup section */
		8589E30528178DA4007AAA8A /* Main.storyboard */ = {
			isa = PBXVariantGroup;
			children = (
				8589E30628178DA4007AAA8A /* Base */,
			);
			name = Main.storyboard;
			sourceTree = "<group>";
		};
		8589E30A28178DA6007AAA8A /* LaunchScreen.storyboard */ = {
			isa = PBXVariantGroup;
			children = (
				8589E30B28178DA6007AAA8A /* Base */,
			);
			name = LaunchScreen.storyboard;
			sourceTree = "<group>";
		};
/* End PBXVariantGroup section */

/* Begin XCBuildConfiguration section */
		8589E30E28178DA6007AAA8A /* Debug */ = {
			isa = XCBuildConfiguration;
			buildSettings = {
				ALWAYS_SEARCH_USER_PATHS = NO;
				CLANG_ANALYZER_NONNULL = YES;
				CLANG_ANALYZER_NUMBER_OBJECT_CONVERSION = YES_AGGRESSIVE;
				CLANG_CXX_LANGUAGE_STANDARD = "gnu++17";
				CLANG_ENABLE_MODULES = YES;
				CLANG_ENABLE_OBJC_ARC = YES;
				CLANG_ENABLE_OBJC_WEAK = YES;
				CLANG_WARN_BLOCK_CAPTURE_AUTORELEASING = YES;
				CLANG_WARN_BOOL_CONVERSION = YES;
				CLANG_WARN_COMMA = YES;
				CLANG_WARN_CONSTANT_CONVERSION = YES;
				CLANG_WARN_DEPRECATED_OBJC_IMPLEMENTATIONS = YES;
				CLANG_WARN_DIRECT_OBJC_ISA_USAGE = YES_ERROR;
				CLANG_WARN_DOCUMENTATION_COMMENTS = YES;
				CLANG_WARN_EMPTY_BODY = YES;
				CLANG_WARN_ENUM_CONVERSION = YES;
				CLANG_WARN_INFINITE_RECURSION = YES;
				CLANG_WARN_INT_CONVERSION = YES;
				CLANG_WARN_NON_LITERAL_NULL_CONVERSION = YES;
				CLANG_WARN_OBJC_IMPLICIT_RETAIN_SELF = YES;
				CLANG_WARN_OBJC_LITERAL_CONVERSION = YES;
				CLANG_WARN_OBJC_ROOT_CLASS = YES_ERROR;
				CLANG_WARN_QUOTED_INCLUDE_IN_FRAMEWORK_HEADER = YES;
				CLANG_WARN_RANGE_LOOP_ANALYSIS = YES;
				CLANG_WARN_STRICT_PROTOTYPES = YES;
				CLANG_WARN_SUSPICIOUS_MOVE = YES;
				CLANG_WARN_UNGUARDED_AVAILABILITY = YES_AGGRESSIVE;
				CLANG_WARN_UNREACHABLE_CODE = YES;
				CLANG_WARN__DUPLICATE_METHOD_MATCH = YES;
				COPY_PHASE_STRIP = NO;
				DEBUG_INFORMATION_FORMAT = dwarf;
				ENABLE_STRICT_OBJC_MSGSEND = YES;
				ENABLE_TESTABILITY = YES;
				GCC_C_LANGUAGE_STANDARD = gnu11;
				GCC_DYNAMIC_NO_PIC = NO;
				GCC_NO_COMMON_BLOCKS = YES;
				GCC_OPTIMIZATION_LEVEL = 0;
				GCC_PREPROCESSOR_DEFINITIONS = (
					"DEBUG=1",
					"$(inherited)",
				);
				GCC_WARN_64_TO_32_BIT_CONVERSION = YES;
				GCC_WARN_ABOUT_RETURN_TYPE = YES_ERROR;
				GCC_WARN_UNDECLARED_SELECTOR = YES;
				GCC_WARN_UNINITIALIZED_AUTOS = YES_AGGRESSIVE;
				GCC_WARN_UNUSED_FUNCTION = YES;
				GCC_WARN_UNUSED_VARIABLE = YES;
				IPHONEOS_DEPLOYMENT_TARGET = 15.4;
				MTL_ENABLE_DEBUG_INFO = INCLUDE_SOURCE;
				MTL_FAST_MATH = YES;
				ONLY_ACTIVE_ARCH = YES;
				SDKROOT = iphoneos;
				SWIFT_ACTIVE_COMPILATION_CONDITIONS = DEBUG;
				SWIFT_OPTIMIZATION_LEVEL = "-Onone";
			};
			name = Debug;
		};
		8589E30F28178DA6007AAA8A /* Release */ = {
			isa = XCBuildConfiguration;
			buildSettings = {
				ALWAYS_SEARCH_USER_PATHS = NO;
				CLANG_ANALYZER_NONNULL = YES;
				CLANG_ANALYZER_NUMBER_OBJECT_CONVERSION = YES_AGGRESSIVE;
				CLANG_CXX_LANGUAGE_STANDARD = "gnu++17";
				CLANG_ENABLE_MODULES = YES;
				CLANG_ENABLE_OBJC_ARC = YES;
				CLANG_ENABLE_OBJC_WEAK = YES;
				CLANG_WARN_BLOCK_CAPTURE_AUTORELEASING = YES;
				CLANG_WARN_BOOL_CONVERSION = YES;
				CLANG_WARN_COMMA = YES;
				CLANG_WARN_CONSTANT_CONVERSION = YES;
				CLANG_WARN_DEPRECATED_OBJC_IMPLEMENTATIONS = YES;
				CLANG_WARN_DIRECT_OBJC_ISA_USAGE = YES_ERROR;
				CLANG_WARN_DOCUMENTATION_COMMENTS = YES;
				CLANG_WARN_EMPTY_BODY = YES;
				CLANG_WARN_ENUM_CONVERSION = YES;
				CLANG_WARN_INFINITE_RECURSION = YES;
				CLANG_WARN_INT_CONVERSION = YES;
				CLANG_WARN_NON_LITERAL_NULL_CONVERSION = YES;
				CLANG_WARN_OBJC_IMPLICIT_RETAIN_SELF = YES;
				CLANG_WARN_OBJC_LITERAL_CONVERSION = YES;
				CLANG_WARN_OBJC_ROOT_CLASS = YES_ERROR;
				CLANG_WARN_QUOTED_INCLUDE_IN_FRAMEWORK_HEADER = YES;
				CLANG_WARN_RANGE_LOOP_ANALYSIS = YES;
				CLANG_WARN_STRICT_PROTOTYPES = YES;
				CLANG_WARN_SUSPICIOUS_MOVE = YES;
				CLANG_WARN_UNGUARDED_AVAILABILITY = YES_AGGRESSIVE;
				CLANG_WARN_UNREACHABLE_CODE = YES;
				CLANG_WARN__DUPLICATE_METHOD_MATCH = YES;
				COPY_PHASE_STRIP = NO;
				DEBUG_INFORMATION_FORMAT = "dwarf-with-dsym";
				ENABLE_NS_ASSERTIONS = NO;
				ENABLE_STRICT_OBJC_MSGSEND = YES;
				GCC_C_LANGUAGE_STANDARD = gnu11;
				GCC_NO_COMMON_BLOCKS = YES;
				GCC_WARN_64_TO_32_BIT_CONVERSION = YES;
				GCC_WARN_ABOUT_RETURN_TYPE = YES_ERROR;
				GCC_WARN_UNDECLARED_SELECTOR = YES;
				GCC_WARN_UNINITIALIZED_AUTOS = YES_AGGRESSIVE;
				GCC_WARN_UNUSED_FUNCTION = YES;
				GCC_WARN_UNUSED_VARIABLE = YES;
				IPHONEOS_DEPLOYMENT_TARGET = 15.4;
				MTL_ENABLE_DEBUG_INFO = NO;
				MTL_FAST_MATH = YES;
				SDKROOT = iphoneos;
				SWIFT_COMPILATION_MODE = wholemodule;
				SWIFT_OPTIMIZATION_LEVEL = "-O";
				VALIDATE_PRODUCT = YES;
			};
			name = Release;
		};
		8589E31128178DA6007AAA8A /* Debug */ = {
			isa = XCBuildConfiguration;
			buildSettings = {
				ASSETCATALOG_COMPILER_APPICON_NAME = AppIcon;
				ASSETCATALOG_COMPILER_GLOBAL_ACCENT_COLOR_NAME = AccentColor;
				CODE_SIGN_STYLE = Automatic;
				CURRENT_PROJECT_VERSION = 1;
				DEVELOPMENT_TEAM = PCUTN7PDTB;
				GENERATE_INFOPLIST_FILE = YES;
				INFOPLIST_FILE = NC1_Jesivinica/Info.plist;
				INFOPLIST_KEY_UIApplicationSupportsIndirectInputEvents = YES;
				INFOPLIST_KEY_UILaunchStoryboardName = LaunchScreen;
				INFOPLIST_KEY_UIMainStoryboardFile = Main;
				INFOPLIST_KEY_UISupportedInterfaceOrientations_iPad = "UIInterfaceOrientationPortrait UIInterfaceOrientationPortraitUpsideDown UIInterfaceOrientationLandscapeLeft UIInterfaceOrientationLandscapeRight";
				INFOPLIST_KEY_UISupportedInterfaceOrientations_iPhone = "UIInterfaceOrientationPortrait UIInterfaceOrientationLandscapeLeft UIInterfaceOrientationLandscapeRight";
				LD_RUNPATH_SEARCH_PATHS = (
					"$(inherited)",
					"@executable_path/Frameworks",
				);
				MARKETING_VERSION = 1.0;
				PRODUCT_BUNDLE_IDENTIFIER = "com.AppleDeveloperAcademyBinus.NC1-Jesivinica";
				PRODUCT_NAME = "$(TARGET_NAME)";
				SWIFT_EMIT_LOC_STRINGS = YES;
				SWIFT_VERSION = 5.0;
				TARGETED_DEVICE_FAMILY = "1,2";
			};
			name = Debug;
		};
		8589E31228178DA6007AAA8A /* Release */ = {
			isa = XCBuildConfiguration;
			buildSettings = {
				ASSETCATALOG_COMPILER_APPICON_NAME = AppIcon;
				ASSETCATALOG_COMPILER_GLOBAL_ACCENT_COLOR_NAME = AccentColor;
				CODE_SIGN_STYLE = Automatic;
				CURRENT_PROJECT_VERSION = 1;
				DEVELOPMENT_TEAM = PCUTN7PDTB;
				GENERATE_INFOPLIST_FILE = YES;
				INFOPLIST_FILE = NC1_Jesivinica/Info.plist;
				INFOPLIST_KEY_UIApplicationSupportsIndirectInputEvents = YES;
				INFOPLIST_KEY_UILaunchStoryboardName = LaunchScreen;
				INFOPLIST_KEY_UIMainStoryboardFile = Main;
				INFOPLIST_KEY_UISupportedInterfaceOrientations_iPad = "UIInterfaceOrientationPortrait UIInterfaceOrientationPortraitUpsideDown UIInterfaceOrientationLandscapeLeft UIInterfaceOrientationLandscapeRight";
				INFOPLIST_KEY_UISupportedInterfaceOrientations_iPhone = "UIInterfaceOrientationPortrait UIInterfaceOrientationLandscapeLeft UIInterfaceOrientationLandscapeRight";
				LD_RUNPATH_SEARCH_PATHS = (
					"$(inherited)",
					"@executable_path/Frameworks",
				);
				MARKETING_VERSION = 1.0;
				PRODUCT_BUNDLE_IDENTIFIER = "com.AppleDeveloperAcademyBinus.NC1-Jesivinica";
				PRODUCT_NAME = "$(TARGET_NAME)";
				SWIFT_EMIT_LOC_STRINGS = YES;
				SWIFT_VERSION = 5.0;
				TARGETED_DEVICE_FAMILY = "1,2";
			};
			name = Release;
		};
/* End XCBuildConfiguration section */

/* Begin XCConfigurationList section */
		8589E2F728178DA4007AAA8A /* Build configuration list for PBXProject "NC1_Jesivinica" */ = {
			isa = XCConfigurationList;
			buildConfigurations = (
				8589E30E28178DA6007AAA8A /* Debug */,
				8589E30F28178DA6007AAA8A /* Release */,
			);
			defaultConfigurationIsVisible = 0;
			defaultConfigurationName = Release;
		};
		8589E31028178DA6007AAA8A /* Build configuration list for PBXNativeTarget "NC1_Jesivinica" */ = {
			isa = XCConfigurationList;
			buildConfigurations = (
				8589E31128178DA6007AAA8A /* Debug */,
				8589E31228178DA6007AAA8A /* Release */,
			);
			defaultConfigurationIsVisible = 0;
			defaultConfigurationName = Release;
		};
/* End XCConfigurationList section */
	};
	rootObject = 8589E2F428178DA4007AAA8A /* Project object */;
}
